// !$*UTF8*$!
{
	archiveVersion = 1;
	classes = {
	};
	objectVersion = 50;
	objects = {

/* Begin PBXBuildFile section */
		25D548A95A48D8F53116F3D0 /* Pods_kabudev.framework in Frameworks */ = {isa = PBXBuildFile; fileRef = 1FC0372CEB50D23B67ADE0AE /* Pods_kabudev.framework */; };
		5B3A797420B6E8BD00ED17DB /* AppDelegate.swift in Sources */ = {isa = PBXBuildFile; fileRef = 5B3A797320B6E8BD00ED17DB /* AppDelegate.swift */; };
		5B3A797620B6E8BD00ED17DB /* ViewController.swift in Sources */ = {isa = PBXBuildFile; fileRef = 5B3A797520B6E8BD00ED17DB /* ViewController.swift */; };
		5B3A797920B6E8BD00ED17DB /* Main.storyboard in Resources */ = {isa = PBXBuildFile; fileRef = 5B3A797720B6E8BD00ED17DB /* Main.storyboard */; };
		5B3A797B20B6E8BE00ED17DB /* Assets.xcassets in Resources */ = {isa = PBXBuildFile; fileRef = 5B3A797A20B6E8BE00ED17DB /* Assets.xcassets */; };
		5B3A797E20B6E8BE00ED17DB /* LaunchScreen.storyboard in Resources */ = {isa = PBXBuildFile; fileRef = 5B3A797C20B6E8BE00ED17DB /* LaunchScreen.storyboard */; };
		5BDD4E1D20B83AA9003F4951 /* GoogleService-Info.plist in Resources */ = {isa = PBXBuildFile; fileRef = 5BDD4E1C20B83AA9003F4951 /* GoogleService-Info.plist */; };
/* End PBXBuildFile section */

/* Begin PBXFileReference section */
		1FC0372CEB50D23B67ADE0AE /* Pods_kabudev.framework */ = {isa = PBXFileReference; explicitFileType = wrapper.framework; includeInIndex = 0; path = Pods_kabudev.framework; sourceTree = BUILT_PRODUCTS_DIR; };
		2F4A76ADBF5EA8BA7A8B7F52 /* Pods-kabudev.release.xcconfig */ = {isa = PBXFileReference; includeInIndex = 1; lastKnownFileType = text.xcconfig; name = "Pods-kabudev.release.xcconfig"; path = "Pods/Target Support Files/Pods-kabudev/Pods-kabudev.release.xcconfig"; sourceTree = "<group>"; };
		5B3A797020B6E8BD00ED17DB /* kabudev.app */ = {isa = PBXFileReference; explicitFileType = wrapper.application; includeInIndex = 0; path = kabudev.app; sourceTree = BUILT_PRODUCTS_DIR; };
		5B3A797320B6E8BD00ED17DB /* AppDelegate.swift */ = {isa = PBXFileReference; lastKnownFileType = sourcecode.swift; path = AppDelegate.swift; sourceTree = "<group>"; };
		5B3A797520B6E8BD00ED17DB /* ViewController.swift */ = {isa = PBXFileReference; lastKnownFileType = sourcecode.swift; path = ViewController.swift; sourceTree = "<group>"; };
		5B3A797820B6E8BD00ED17DB /* Base */ = {isa = PBXFileReference; lastKnownFileType = file.storyboard; name = Base; path = Base.lproj/Main.storyboard; sourceTree = "<group>"; };
		5B3A797A20B6E8BE00ED17DB /* Assets.xcassets */ = {isa = PBXFileReference; lastKnownFileType = folder.assetcatalog; path = Assets.xcassets; sourceTree = "<group>"; };
		5B3A797D20B6E8BE00ED17DB /* Base */ = {isa = PBXFileReference; lastKnownFileType = file.storyboard; name = Base; path = Base.lproj/LaunchScreen.storyboard; sourceTree = "<group>"; };
		5B3A797F20B6E8BE00ED17DB /* Info.plist */ = {isa = PBXFileReference; lastKnownFileType = text.plist.xml; path = Info.plist; sourceTree = "<group>"; };
		5BDD4E1C20B83AA9003F4951 /* GoogleService-Info.plist */ = {isa = PBXFileReference; fileEncoding = 4; lastKnownFileType = text.plist.xml; path = "GoogleService-Info.plist"; sourceTree = "<group>"; };
		F1D8207DCC1EC2D2571B6277 /* Pods-kabudev.debug.xcconfig */ = {isa = PBXFileReference; includeInIndex = 1; lastKnownFileType = text.xcconfig; name = "Pods-kabudev.debug.xcconfig"; path = "Pods/Target Support Files/Pods-kabudev/Pods-kabudev.debug.xcconfig"; sourceTree = "<group>"; };
/* End PBXFileReference section */

/* Begin PBXFrameworksBuildPhase section */
		5B3A796D20B6E8BD00ED17DB /* Frameworks */ = {
			isa = PBXFrameworksBuildPhase;
			buildActionMask = 2147483647;
			files = (
				25D548A95A48D8F53116F3D0 /* Pods_kabudev.framework in Frameworks */,
			);
			runOnlyForDeploymentPostprocessing = 0;
		};
/* End PBXFrameworksBuildPhase section */

/* Begin PBXGroup section */
		5B3A796720B6E8BD00ED17DB = {
			isa = PBXGroup;
			children = (
				5B3A797220B6E8BD00ED17DB /* kabudev */,
				5B3A797120B6E8BD00ED17DB /* Products */,
				FF541459659F84AC0A74738A /* Pods */,
				AE6A415F3CA7F4D8E64638F2 /* Frameworks */,
			);
			sourceTree = "<group>";
		};
		5B3A797120B6E8BD00ED17DB /* Products */ = {
			isa = PBXGroup;
			children = (
				5B3A797020B6E8BD00ED17DB /* kabudev.app */,
			);
			name = Products;
			sourceTree = "<group>";
		};
		5B3A797220B6E8BD00ED17DB /* kabudev */ = {
			isa = PBXGroup;
			children = (
				5B3A797320B6E8BD00ED17DB /* AppDelegate.swift */,
				5B3A797520B6E8BD00ED17DB /* ViewController.swift */,
				5B3A797720B6E8BD00ED17DB /* Main.storyboard */,
				5B3A797A20B6E8BE00ED17DB /* Assets.xcassets */,
				5B3A797C20B6E8BE00ED17DB /* LaunchScreen.storyboard */,
				5B3A797F20B6E8BE00ED17DB /* Info.plist */,
				5BDD4E1C20B83AA9003F4951 /* GoogleService-Info.plist */,
			);
			path = kabudev;
			sourceTree = "<group>";
		};
		AE6A415F3CA7F4D8E64638F2 /* Frameworks */ = {
			isa = PBXGroup;
			children = (
				1FC0372CEB50D23B67ADE0AE /* Pods_kabudev.framework */,
			);
			name = Frameworks;
			sourceTree = "<group>";
		};
		FF541459659F84AC0A74738A /* Pods */ = {
			isa = PBXGroup;
			children = (
				F1D8207DCC1EC2D2571B6277 /* Pods-kabudev.debug.xcconfig */,
				2F4A76ADBF5EA8BA7A8B7F52 /* Pods-kabudev.release.xcconfig */,
			);
			name = Pods;
			sourceTree = "<group>";
		};
/* End PBXGroup section */

/* Begin PBXNativeTarget section */
		5B3A796F20B6E8BD00ED17DB /* kabudev */ = {
			isa = PBXNativeTarget;
			buildConfigurationList = 5B3A798220B6E8BE00ED17DB /* Build configuration list for PBXNativeTarget "kabudev" */;
			buildPhases = (
				20CE00CD0C84B91F95893D93 /* [CP] Check Pods Manifest.lock */,
				5B3A796C20B6E8BD00ED17DB /* Sources */,
				5B3A796D20B6E8BD00ED17DB /* Frameworks */,
				5B3A796E20B6E8BD00ED17DB /* Resources */,
				2C865F17EB9F36779C5FEF6D /* [CP] Embed Pods Frameworks */,
			);
			buildRules = (
			);
			dependencies = (
			);
			name = kabudev;
			productName = kabudev;
			productReference = 5B3A797020B6E8BD00ED17DB /* kabudev.app */;
			productType = "com.apple.product-type.application";
		};
/* End PBXNativeTarget section */

/* Begin PBXProject section */
		5B3A796820B6E8BD00ED17DB /* Project object */ = {
			isa = PBXProject;
			attributes = {
				LastSwiftUpdateCheck = 0930;
				LastUpgradeCheck = 0930;
				ORGANIZATIONNAME = kabudev.123;
				TargetAttributes = {
					5B3A796F20B6E8BD00ED17DB = {
						CreatedOnToolsVersion = 9.3;
					};
				};
			};
			buildConfigurationList = 5B3A796B20B6E8BD00ED17DB /* Build configuration list for PBXProject "kabudev" */;
			compatibilityVersion = "Xcode 9.3";
			developmentRegion = en;
			hasScannedForEncodings = 0;
			knownRegions = (
				en,
				Base,
			);
			mainGroup = 5B3A796720B6E8BD00ED17DB;
			productRefGroup = 5B3A797120B6E8BD00ED17DB /* Products */;
			projectDirPath = "";
			projectRoot = "";
			targets = (
				5B3A796F20B6E8BD00ED17DB /* kabudev */,
			);
		};
/* End PBXProject section */

/* Begin PBXResourcesBuildPhase section */
		5B3A796E20B6E8BD00ED17DB /* Resources */ = {
			isa = PBXResourcesBuildPhase;
			buildActionMask = 2147483647;
			files = (
				5B3A797E20B6E8BE00ED17DB /* LaunchScreen.storyboard in Resources */,
				5B3A797B20B6E8BE00ED17DB /* Assets.xcassets in Resources */,
				5BDD4E1D20B83AA9003F4951 /* GoogleService-Info.plist in Resources */,
				5B3A797920B6E8BD00ED17DB /* Main.storyboard in Resources */,
			);
			runOnlyForDeploymentPostprocessing = 0;
		};
/* End PBXResourcesBuildPhase section */

/* Begin PBXShellScriptBuildPhase section */
		20CE00CD0C84B91F95893D93 /* [CP] Check Pods Manifest.lock */ = {
			isa = PBXShellScriptBuildPhase;
			buildActionMask = 2147483647;
			files = (
			);
			inputPaths = (
				"${PODS_PODFILE_DIR_PATH}/Podfile.lock",
				"${PODS_ROOT}/Manifest.lock",
			);
			name = "[CP] Check Pods Manifest.lock";
			outputPaths = (
				"$(DERIVED_FILE_DIR)/Pods-kabudev-checkManifestLockResult.txt",
			);
			runOnlyForDeploymentPostprocessing = 0;
			shellPath = /bin/sh;
			shellScript = "diff \"${PODS_PODFILE_DIR_PATH}/Podfile.lock\" \"${PODS_ROOT}/Manifest.lock\" > /dev/null\nif [ $? != 0 ] ; then\n    # print error to STDERR\n    echo \"error: The sandbox is not in sync with the Podfile.lock. Run 'pod install' or update your CocoaPods installation.\" >&2\n    exit 1\nfi\n# This output is used by Xcode 'outputs' to avoid re-running this script phase.\necho \"SUCCESS\" > \"${SCRIPT_OUTPUT_FILE_0}\"\n";
			showEnvVarsInLog = 0;
		};
		2C865F17EB9F36779C5FEF6D /* [CP] Embed Pods Frameworks */ = {
			isa = PBXShellScriptBuildPhase;
			buildActionMask = 2147483647;
			files = (
			);
			inputPaths = (
				"${SRCROOT}/Pods/Target Support Files/Pods-kabudev/Pods-kabudev-frameworks.sh",
				"${BUILT_PRODUCTS_DIR}/GTMSessionFetcher/GTMSessionFetcher.framework",
				"${BUILT_PRODUCTS_DIR}/GoogleToolboxForMac/GoogleToolboxForMac.framework",
				"${BUILT_PRODUCTS_DIR}/leveldb-library/leveldb.framework",
				"${BUILT_PRODUCTS_DIR}/nanopb/nanopb.framework",
			);
			name = "[CP] Embed Pods Frameworks";
			outputPaths = (
				"${TARGET_BUILD_DIR}/${FRAMEWORKS_FOLDER_PATH}/GTMSessionFetcher.framework",
				"${TARGET_BUILD_DIR}/${FRAMEWORKS_FOLDER_PATH}/GoogleToolboxForMac.framework",
				"${TARGET_BUILD_DIR}/${FRAMEWORKS_FOLDER_PATH}/leveldb.framework",
				"${TARGET_BUILD_DIR}/${FRAMEWORKS_FOLDER_PATH}/nanopb.framework",
			);
			runOnlyForDeploymentPostprocessing = 0;
			shellPath = /bin/sh;
			shellScript = "\"${SRCROOT}/Pods/Target Support Files/Pods-kabudev/Pods-kabudev-frameworks.sh\"\n";
			showEnvVarsInLog = 0;
		};
/* End PBXShellScriptBuildPhase section */

/* Begin PBXSourcesBuildPhase section */
		5B3A796C20B6E8BD00ED17DB /* Sources */ = {
			isa = PBXSourcesBuildPhase;
			buildActionMask = 2147483647;
			files = (
				5B3A797620B6E8BD00ED17DB /* ViewController.swift in Sources */,
				5B3A797420B6E8BD00ED17DB /* AppDelegate.swift in Sources */,
			);
			runOnlyForDeploymentPostprocessing = 0;
		};
/* End PBXSourcesBuildPhase section */

/* Begin PBXVariantGroup section */
		5B3A797720B6E8BD00ED17DB /* Main.storyboard */ = {
			isa = PBXVariantGroup;
			children = (
				5B3A797820B6E8BD00ED17DB /* Base */,
			);
			name = Main.storyboard;
			sourceTree = "<group>";
		};
		5B3A797C20B6E8BE00ED17DB /* LaunchScreen.storyboard */ = {
			isa = PBXVariantGroup;
			children = (
				5B3A797D20B6E8BE00ED17DB /* Base */,
			);
			name = LaunchScreen.storyboard;
			sourceTree = "<group>";
		};
/* End PBXVariantGroup section */

/* Begin XCBuildConfiguration section */
		5B3A798020B6E8BE00ED17DB /* Debug */ = {
			isa = XCBuildConfiguration;
			buildSettings = {
				ALWAYS_SEARCH_USER_PATHS = NO;
				CLANG_ANALYZER_NONNULL = YES;
				CLANG_ANALYZER_NUMBER_OBJECT_CONVERSION = YES_AGGRESSIVE;
				CLANG_CXX_LANGUAGE_STANDARD = "gnu++14";
				CLANG_CXX_LIBRARY = "libc++";
				CLANG_ENABLE_MODULES = YES;
				CLANG_ENABLE_OBJC_ARC = YES;
				CLANG_ENABLE_OBJC_WEAK = YES;
				CLANG_WARN_BLOCK_CAPTURE_AUTORELEASING = YES;
				CLANG_WARN_BOOL_CONVERSION = YES;
				CLANG_WARN_COMMA = YES;
				CLANG_WARN_CONSTANT_CONVERSION = YES;
				CLANG_WARN_DEPRECATED_OBJC_IMPLEMENTATIONS = YES;
				CLANG_WARN_DIRECT_OBJC_ISA_USAGE = YES_ERROR;
				CLANG_WARN_DOCUMENTATION_COMMENTS = YES;
				CLANG_WARN_EMPTY_BODY = YES;
				CLANG_WARN_ENUM_CONVERSION = YES;
				CLANG_WARN_INFINITE_RECURSION = YES;
				CLANG_WARN_INT_CONVERSION = YES;
				CLANG_WARN_NON_LITERAL_NULL_CONVERSION = YES;
				CLANG_WARN_OBJC_IMPLICIT_RETAIN_SELF = YES;
				CLANG_WARN_OBJC_LITERAL_CONVERSION = YES;
				CLANG_WARN_OBJC_ROOT_CLASS = YES_ERROR;
				CLANG_WARN_RANGE_LOOP_ANALYSIS = YES;
				CLANG_WARN_STRICT_PROTOTYPES = YES;
				CLANG_WARN_SUSPICIOUS_MOVE = YES;
				CLANG_WARN_UNGUARDED_AVAILABILITY = YES_AGGRESSIVE;
				CLANG_WARN_UNREACHABLE_CODE = YES;
				CLANG_WARN__DUPLICATE_METHOD_MATCH = YES;
				CODE_SIGN_IDENTITY = "iPhone Developer";
				COPY_PHASE_STRIP = NO;
				DEBUG_INFORMATION_FORMAT = dwarf;
				ENABLE_STRICT_OBJC_MSGSEND = YES;
				ENABLE_TESTABILITY = YES;
				GCC_C_LANGUAGE_STANDARD = gnu11;
				GCC_DYNAMIC_NO_PIC = NO;
				GCC_NO_COMMON_BLOCKS = YES;
				GCC_OPTIMIZATION_LEVEL = 0;
				GCC_PREPROCESSOR_DEFINITIONS = (
					"DEBUG=1",
					"$(inherited)",
				);
				GCC_WARN_64_TO_32_BIT_CONVERSION = YES;
				GCC_WARN_ABOUT_RETURN_TYPE = YES_ERROR;
				GCC_WARN_UNDECLARED_SELECTOR = YES;
				GCC_WARN_UNINITIALIZED_AUTOS = YES_AGGRESSIVE;
				GCC_WARN_UNUSED_FUNCTION = YES;
				GCC_WARN_UNUSED_VARIABLE = YES;
				IPHONEOS_DEPLOYMENT_TARGET = 11.3;
				MTL_ENABLE_DEBUG_INFO = YES;
				ONLY_ACTIVE_ARCH = YES;
				SDKROOT = iphoneos;
				SWIFT_ACTIVE_COMPILATION_CONDITIONS = DEBUG;
				SWIFT_OPTIMIZATION_LEVEL = "-Onone";
			};
			name = Debug;
		};
		5B3A798120B6E8BE00ED17DB /* Release */ = {
			isa = XCBuildConfiguration;
			buildSettings = {
				ALWAYS_SEARCH_USER_PATHS = NO;
				CLANG_ANALYZER_NONNULL = YES;
				CLANG_ANALYZER_NUMBER_OBJECT_CONVERSION = YES_AGGRESSIVE;
				CLANG_CXX_LANGUAGE_STANDARD = "gnu++14";
				CLANG_CXX_LIBRARY = "libc++";
				CLANG_ENABLE_MODULES = YES;
				CLANG_ENABLE_OBJC_ARC = YES;
				CLANG_ENABLE_OBJC_WEAK = YES;
				CLANG_WARN_BLOCK_CAPTURE_AUTORELEASING = YES;
				CLANG_WARN_BOOL_CONVERSION = YES;
				CLANG_WARN_COMMA = YES;
				CLANG_WARN_CONSTANT_CONVERSION = YES;
				CLANG_WARN_DEPRECATED_OBJC_IMPLEMENTATIONS = YES;
				CLANG_WARN_DIRECT_OBJC_ISA_USAGE = YES_ERROR;
				CLANG_WARN_DOCUMENTATION_COMMENTS = YES;
				CLANG_WARN_EMPTY_BODY = YES;
				CLANG_WARN_ENUM_CONVERSION = YES;
				CLANG_WARN_INFINITE_RECURSION = YES;
				CLANG_WARN_INT_CONVERSION = YES;
				CLANG_WARN_NON_LITERAL_NULL_CONVERSION = YES;
				CLANG_WARN_OBJC_IMPLICIT_RETAIN_SELF = YES;
				CLANG_WARN_OBJC_LITERAL_CONVERSION = YES;
				CLANG_WARN_OBJC_ROOT_CLASS = YES_ERROR;
				CLANG_WARN_RANGE_LOOP_ANALYSIS = YES;
				CLANG_WARN_STRICT_PROTOTYPES = YES;
				CLANG_WARN_SUSPICIOUS_MOVE = YES;
				CLANG_WARN_UNGUARDED_AVAILABILITY = YES_AGGRESSIVE;
				CLANG_WARN_UNREACHABLE_CODE = YES;
				CLANG_WARN__DUPLICATE_METHOD_MATCH = YES;
				CODE_SIGN_IDENTITY = "iPhone Developer";
				COPY_PHASE_STRIP = NO;
				DEBUG_INFORMATION_FORMAT = "dwarf-with-dsym";
				ENABLE_NS_ASSERTIONS = NO;
				ENABLE_STRICT_OBJC_MSGSEND = YES;
				GCC_C_LANGUAGE_STANDARD = gnu11;
				GCC_NO_COMMON_BLOCKS = YES;
				GCC_WARN_64_TO_32_BIT_CONVERSION = YES;
				GCC_WARN_ABOUT_RETURN_TYPE = YES_ERROR;
				GCC_WARN_UNDECLARED_SELECTOR = YES;
				GCC_WARN_UNINITIALIZED_AUTOS = YES_AGGRESSIVE;
				GCC_WARN_UNUSED_FUNCTION = YES;
				GCC_WARN_UNUSED_VARIABLE = YES;
				IPHONEOS_DEPLOYMENT_TARGET = 11.3;
				MTL_ENABLE_DEBUG_INFO = NO;
				SDKROOT = iphoneos;
				SWIFT_COMPILATION_MODE = wholemodule;
				SWIFT_OPTIMIZATION_LEVEL = "-O";
				VALIDATE_PRODUCT = YES;
			};
			name = Release;
		};
		5B3A798320B6E8BE00ED17DB /* Debug */ = {
			isa = XCBuildConfiguration;
			baseConfigurationReference = F1D8207DCC1EC2D2571B6277 /* Pods-kabudev.debug.xcconfig */;
			buildSettings = {
				ASSETCATALOG_COMPILER_APPICON_NAME = AppIcon;
				CODE_SIGN_STYLE = Automatic;
				INFOPLIST_FILE = kabudev/Info.plist;
				IPHONEOS_DEPLOYMENT_TARGET = 11.3;
				LD_RUNPATH_SEARCH_PATHS = (
					"$(inherited)",
					"@executable_path/Frameworks",
				);
				PRODUCT_BUNDLE_IDENTIFIER = kabudev.123.kabudev;
				PRODUCT_NAME = "$(TARGET_NAME)";
				SWIFT_VERSION = 4.0;
				TARGETED_DEVICE_FAMILY = "1,2";
			};
			name = Debug;
		};
		5B3A798420B6E8BE00ED17DB /* Release */ = {
			isa = XCBuildConfiguration;
			baseConfigurationReference = 2F4A76ADBF5EA8BA7A8B7F52 /* Pods-kabudev.release.xcconfig */;
			buildSettings = {
				ASSETCATALOG_COMPILER_APPICON_NAME = AppIcon;
				CODE_SIGN_STYLE = Automatic;
				INFOPLIST_FILE = kabudev/Info.plist;
				IPHONEOS_DEPLOYMENT_TARGET = 11.3;
				LD_RUNPATH_SEARCH_PATHS = (
					"$(inherited)",
					"@executable_path/Frameworks",
				);
				PRODUCT_BUNDLE_IDENTIFIER = kabudev.123.kabudev;
				PRODUCT_NAME = "$(TARGET_NAME)";
				SWIFT_VERSION = 4.0;
				TARGETED_DEVICE_FAMILY = "1,2";
			};
			name = Release;
		};
/* End XCBuildConfiguration section */

/* Begin XCConfigurationList section */
		5B3A796B20B6E8BD00ED17DB /* Build configuration list for PBXProject "kabudev" */ = {
			isa = XCConfigurationList;
			buildConfigurations = (
				5B3A798020B6E8BE00ED17DB /* Debug */,
				5B3A798120B6E8BE00ED17DB /* Release */,
			);
			defaultConfigurationIsVisible = 0;
			defaultConfigurationName = Release;
		};
		5B3A798220B6E8BE00ED17DB /* Build configuration list for PBXNativeTarget "kabudev" */ = {
			isa = XCConfigurationList;
			buildConfigurations = (
				5B3A798320B6E8BE00ED17DB /* Debug */,
				5B3A798420B6E8BE00ED17DB /* Release */,
			);
			defaultConfigurationIsVisible = 0;
			defaultConfigurationName = Release;
		};
/* End XCConfigurationList section */
	};
	rootObject = 5B3A796820B6E8BD00ED17DB /* Project object */;
}
